# THIS IS AN AUTOGENERATED FILE. DO NOT EDIT THIS FILE DIRECTLY.
# yarn lockfile v1


"@vue/reactivity@~3.1.1":
  version "3.1.5"
  resolved "https://registry.yarnpkg.com/@vue/reactivity/-/reactivity-3.1.5.tgz#dbec4d9557f7c8f25c2635db1e23a78a729eb991"
  integrity sha512-1tdfLmNjWG6t/CsPldh+foumYFo3cpyCHgBYQ34ylaMsJ+SNHQ1kApMIa8jN+i593zQuaw3AdWH0nJTARzCFhg==
  dependencies:
    "@vue/shared" "3.1.5"

"@vue/shared@3.1.5":
  version "3.1.5"
  resolved "https://registry.yarnpkg.com/@vue/shared/-/shared-3.1.5.tgz#74ee3aad995d0a3996a6bb9533d4d280514ede03"
  integrity sha512-oJ4F3TnvpXaQwZJNF3ZK+kLPHKarDmJjJ6jyzVNDKH9md1dptjC7lWR//jrGuLdek/U6iltWxqAnYOu8gCiOvA==

alpinejs@^3.10.2:
  version "3.10.2"
  resolved "https://registry.yarnpkg.com/alpinejs/-/alpinejs-3.10.2.tgz#bf3a12b8c3793f346bc9794038bb6e09341600e4"
  integrity sha512-P6DTX78J94FgsskS3eS23s26hfb0NWQZUidBnkUK7fId1x64/kLm5E79lL3HNItUmHDCKOHvfP8EAcuCVab89w==
  dependencies:
    "@vue/reactivity" "~3.1.1"

chart.js@^3.7.1:
  version "3.7.1"
  resolved "https://registry.yarnpkg.com/chart.js/-/chart.js-3.7.1.tgz#0516f690c6a8680c6c707e31a4c1807a6f400ada"
  integrity sha512-8knRegQLFnPQAheZV8MjxIXc5gQEfDFD897BJgv/klO/vtIyFFmgMXrNfgrXpbTr/XbTturxRgxIXx/Y+ASJBA==

chartjs-adapter-luxon@^1.1.0:
  version "1.1.0"
  resolved "https://registry.yarnpkg.com/chartjs-adapter-luxon/-/chartjs-adapter-luxon-1.1.0.tgz#0a0d9213db5de0ad3285fae896b4c4b74db9007b"
  integrity sha512-CS+xBWEyXYVLBZ3dSY/MwlSXhz8er4JjkApazY84ft/++oOLsmkt6TaXBCsUFudum7QdoYmpxiL/gSp20+emkw==

chartjs-plugin-streaming@^2.0.0:
  version "2.0.0"
  resolved "https://registry.yarnpkg.com/chartjs-plugin-streaming/-/chartjs-plugin-streaming-2.0.0.tgz#daa2124ed3b3069bad92d24c07dbb0e6b1774635"
  integrity sha512-oBwHRmovGbPDS1h8PhpttnlKjI6eiJO13v4h+xz+mfbHhIc+iNF9xuMobCIFMKFH7rlVWi5TJAOIxoXyGElYYg==

luxon@^2.3.2:
  version "2.3.2"
  resolved "https://registry.yarnpkg.com/luxon/-/luxon-2.3.2.tgz#5f2f3002b8c39b60a7b7ad24b2a85d90dc5db49c"
  integrity sha512-MlAQQVMFhGk4WUA6gpfsy0QycnKP0+NlCBJRVRNPxxSIbjrCbQ65nrpJD3FVyJNZLuJ0uoqL57ye6BmDYgHaSw==
